
Microsoft Visual Studio Solution File, Format Version 12.00
# Visual Studio 15
VisualStudioVersion = 15.0.28307.757
MinimumVisualStudioVersion = 10.0.40219.1
Project("{FAE04EC0-301F-11D3-BF4B-00C04F79EFBC}") = "Live Wallpaper", "Live Wallpaper\Live Wallpaper.csproj", "{1BE57DDC-DA97-4735-A119-19D65A7A2DE2}"
EndProject
Global
	GlobalSection(SolutionConfigurationPlatforms) = preSolution
		Debug|Any CPU = Debug|Any CPU
		Release|Any CPU = Release|Any CPU
	EndGlobalSection
	GlobalSection(ProjectConfigurationPlatforms) = postSolution
		{1BE57DDC-DA97-4735-A119-19D65A7A2DE2}.Debug|Any CPU.ActiveCfg = Debug|Any CPU
		{1BE57DDC-DA97-4735-A119-19D65A7A2DE2}.Debug|Any CPU.Build.0 = Debug|Any CPU
		{1BE57DDC-DA97-4735-A119-19D65A7A2DE2}.Release|Any CPU.ActiveCfg = Release|Any CPU
		{1BE57DDC-DA97-4735-A119-19D65A7A2DE2}.Release|Any CPU.Build.0 = Release|Any CPU
	EndGlobalSection
	GlobalSection(SolutionProperties) = preSolution
		HideSolutionNode = FALSE
	EndGlobalSection
	GlobalSection(ExtensibilityGlobals) = postSolution
		SolutionGuid = {EC9A0E06-0E11-4E94-B42C-B851846599CD}
	EndGlobalSection
EndGlobal
